
Microsoft Visual Studio Solution File, Format Version 12.00
# Visual Studio Version 17
VisualStudioVersion = 17.11.35222.181
MinimumVisualStudioVersion = 10.0.40219.1
Project("{FAE04EC0-301F-11D3-BF4B-00C04F79EFBC}") = "BloodBankManagement", "BloodBankManagement.csproj", "{7775B2AD-7677-40D6-928C-C1FD754FCA23}"
EndProject
Global
	GlobalSection(SolutionConfigurationPlatforms) = preSolution
		Debug|Any CPU = Debug|Any CPU
		Release|Any CPU = Release|Any CPU
	EndGlobalSection
	GlobalSection(ProjectConfigurationPlatforms) = postSolution
		{7775B2AD-7677-40D6-928C-C1FD754FCA23}.Debug|Any CPU.ActiveCfg = Debug|Any CPU
		{7775B2AD-7677-40D6-928C-C1FD754FCA23}.Debug|Any CPU.Build.0 = Debug|Any CPU
		{7775B2AD-7677-40D6-928C-C1FD754FCA23}.Release|Any CPU.ActiveCfg = Release|Any CPU
		{7775B2AD-7677-40D6-928C-C1FD754FCA23}.Release|Any CPU.Build.0 = Release|Any CPU
	EndGlobalSection
	GlobalSection(SolutionProperties) = preSolution
		HideSolutionNode = FALSE
	EndGlobalSection
	GlobalSection(ExtensibilityGlobals) = postSolution
		SolutionGuid = {1F61E5FF-62DE-4DB6-A340-128CEB64F6F8}
	EndGlobalSection
EndGlobal
